PODS:
  - Alamofire (5.4.3)
  - NCUtils (1.1):
    - NCUtils/TextFields (= 1.1)
  - NCUtils/TextFields (1.1)
  - SnapKit (5.0.1)
  - SwiftyJSON (4.3.0)

DEPENDENCIES:
  - Alamofire (~> 5.2)
  - NCUtils
  - SnapKit (~> 5.0.0)
  - SwiftyJSON (~> 4.0)

SPEC REPOS:
  https://github.com/NomahCoffee/NCPodspec.git:
    - NCUtils
  trunk:
    - Alamofire
    - SnapKit
    - SwiftyJSON

SPEC CHECKSUMS:
  Alamofire: e447a2774a40c996748296fa2c55112fdbbc42f9
  NCUtils: 907a49b6fc8ea414022ab350f1fd3bf5a209e104
  SnapKit: 97b92857e3df3a0c71833cce143274bf6ef8e5eb
  SwiftyJSON: 6faa0040f8b59dead0ee07436cbf76b73c08fd08

PODFILE CHECKSUM: efaf1c94d2f0c2eb02f2b41155ccc3a72f983cd2

COCOAPODS: 1.10.1
