PODS:
  - Alamofire (5.4.3)
  - NCUtils (1.0):
    - NCUtils/TextFields (= 1.0)
  - NCUtils/TextFields (1.0)
  - SnapKit (5.0.1)
  - SwiftyJSON (4.3.0)

DEPENDENCIES:
  - Alamofire (~> 5.2)
  - NCUtils (from `https://github.com/NomahCoffee/NCUtils.git`)
  - SnapKit (~> 5.0.0)
  - SwiftyJSON (~> 4.0)

SPEC REPOS:
  trunk:
    - Alamofire
    - SnapKit
    - SwiftyJSON

EXTERNAL SOURCES:
  NCUtils:
    :git: https://github.com/NomahCoffee/NCUtils.git

CHECKOUT OPTIONS:
  NCUtils:
    :commit: 8a8e1a482ace35e4d53591b4252ddd4a8be0f7c0
    :git: https://github.com/NomahCoffee/NCUtils.git

SPEC CHECKSUMS:
  Alamofire: e447a2774a40c996748296fa2c55112fdbbc42f9
  NCUtils: 2d4e3cb2f93616e622d12b848dbbd84d563eb66c
  SnapKit: 97b92857e3df3a0c71833cce143274bf6ef8e5eb
  SwiftyJSON: 6faa0040f8b59dead0ee07436cbf76b73c08fd08

PODFILE CHECKSUM: 880d643a68ef2a001ec33e1eb15446c7d1846c2e

COCOAPODS: 1.10.1
